Microsoft Visual Studio Solution File, Format Version 12.00
# Visual Studio Version 17
VisualStudioVersion = 17.13.35913.81
MinimumVisualStudioVersion = 10.0.40219.1
Project("{FAE04EC0-301F-11D3-BF4B-00C04F79EFBC}") = "BackendGeems", "BackendGeems\BackendGeems.csproj", "{A78772DC-D000-45B9-A127-E47E012E062E}"
EndProject
Global
	GlobalSection(SolutionConfigurationPlatforms) = preSolution
		Debug|Any CPU = Debug|Any CPU
		Release|Any CPU = Release|Any CPU
	EndGlobalSection
	GlobalSection(ProjectConfigurationPlatforms) = postSolution
		{A78772DC-D000-45B9-A127-E47E012E062E}.Debug|Any CPU.ActiveCfg = Debug|Any CPU
		{A78772DC-D000-45B9-A127-E47E012E062E}.Debug|Any CPU.Build.0 = Debug|Any CPU
		{A78772DC-D000-45B9-A127-E47E012E062E}.Release|Any CPU.ActiveCfg = Release|Any CPU
		{A78772DC-D000-45B9-A127-E47E012E062E}.Release|Any CPU.Build.0 = Release|Any CPU
	EndGlobalSection
	GlobalSection(SolutionProperties) = preSolution
		HideSolutionNode = FALSE
	EndGlobalSection
	GlobalSection(ExtensibilityGlobals) = postSolution
		SolutionGuid = {1074DA21-4B62-480C-8F11-994640FF4878}
	EndGlobalSection
EndGlobal
